
Microsoft Visual Studio Solution File, Format Version 12.00
# Visual Studio Version 17
VisualStudioVersion = 17.3.32901.215
MinimumVisualStudioVersion = 10.0.40219.1
Project("{FAE04EC0-301F-11D3-BF4B-00C04F79EFBC}") = "horizonYellTracker", "horizonYellTracker\horizonYellTracker.csproj", "{B240B0B6-598E-499D-90BD-D1C31E2060AD}"
EndProject
Global
	GlobalSection(SolutionConfigurationPlatforms) = preSolution
		Debug|Any CPU = Debug|Any CPU
		Release|Any CPU = Release|Any CPU
	EndGlobalSection
	GlobalSection(ProjectConfigurationPlatforms) = postSolution
		{B240B0B6-598E-499D-90BD-D1C31E2060AD}.Debug|Any CPU.ActiveCfg = Debug|Any CPU
		{B240B0B6-598E-499D-90BD-D1C31E2060AD}.Debug|Any CPU.Build.0 = Debug|Any CPU
		{B240B0B6-598E-499D-90BD-D1C31E2060AD}.Release|Any CPU.ActiveCfg = Release|Any CPU
		{B240B0B6-598E-499D-90BD-D1C31E2060AD}.Release|Any CPU.Build.0 = Release|Any CPU
	EndGlobalSection
	GlobalSection(SolutionProperties) = preSolution
		HideSolutionNode = FALSE
	EndGlobalSection
	GlobalSection(ExtensibilityGlobals) = postSolution
		SolutionGuid = {52206EC4-C53A-4A9D-802A-C333A360F7EE}
	EndGlobalSection
EndGlobal
